
Microsoft Visual Studio Solution File, Format Version 12.00
# Visual Studio Version 17
VisualStudioVersion = 17.14.36127.28 d17.14
MinimumVisualStudioVersion = 10.0.40219.1
Project("{FAE04EC0-301F-11D3-BF4B-00C04F79EFBC}") = "BizMan", "BizMan\BizMan.csproj", "{AB1C2825-ED03-4B05-A680-D0922808EE85}"
EndProject
Global
	GlobalSection(SolutionConfigurationPlatforms) = preSolution
		Debug|Any CPU = Debug|Any CPU
		Release|Any CPU = Release|Any CPU
	EndGlobalSection
	GlobalSection(ProjectConfigurationPlatforms) = postSolution
		{AB1C2825-ED03-4B05-A680-D0922808EE85}.Debug|Any CPU.ActiveCfg = Debug|Any CPU
		{AB1C2825-ED03-4B05-A680-D0922808EE85}.Debug|Any CPU.Build.0 = Debug|Any CPU
		{AB1C2825-ED03-4B05-A680-D0922808EE85}.Release|Any CPU.ActiveCfg = Release|Any CPU
		{AB1C2825-ED03-4B05-A680-D0922808EE85}.Release|Any CPU.Build.0 = Release|Any CPU
	EndGlobalSection
	GlobalSection(SolutionProperties) = preSolution
		HideSolutionNode = FALSE
	EndGlobalSection
	GlobalSection(ExtensibilityGlobals) = postSolution
		SolutionGuid = {53647024-791A-4634-960E-9A7FB0AA99A9}
	EndGlobalSection
EndGlobal
